# This file is automatically @generated by Cargo.
# It is not intended for manual editing.
version = 3

[[package]]
name = "binary_to_string"
version = "0.1.0"
dependencies = [
 "yn",
]

[[package]]
name = "yn"
version = "0.1.1"
source = "registry+https://github.com/rust-lang/crates.io-index"
checksum = "d789b24a50ca067124e6e6ad3061c48151da174043cb09285ba934425e8739ec"
